
Microsoft Visual Studio Solution File, Format Version 12.00
# Visual Studio 14
VisualStudioVersion = 14.0.25420.1
MinimumVisualStudioVersion = 10.0.40219.1
Project("{8BC9CEB8-8B4A-11D0-8D11-00A0C91BC942}") = "Test", "Test\Test.vcxproj", "{B12702AD-ABFB-343A-A199-8E24837244A3}"
	ProjectSection(ProjectDependencies) = postProject
		{096884F7-5298-4232-93F4-74E7A52D36C1} = {096884F7-5298-4232-93F4-74E7A52D36C1}
	EndProjectSection
EndProject
Project("{8BC9CEB8-8B4A-11D0-8D11-00A0C91BC942}") = "ZVision", "ZVision\ZVision.vcxproj", "{096884F7-5298-4232-93F4-74E7A52D36C1}"
EndProject
Project("{8BC9CEB8-8B4A-11D0-8D11-00A0C91BC942}") = "ZVision_system", "ZVisionSystem\ZVisionSystem.vcxproj", "{35A0DEC7-2D79-4D0D-8ACE-A04454727D64}"
EndProject
Global
	GlobalSection(SolutionConfigurationPlatforms) = preSolution
		Debug|x64 = Debug|x64
		Debug|x86 = Debug|x86
		Release|x64 = Release|x64
		Release|x86 = Release|x86
	EndGlobalSection
	GlobalSection(ProjectConfigurationPlatforms) = postSolution
		{B12702AD-ABFB-343A-A199-8E24837244A3}.Debug|x64.ActiveCfg = Debug|x64
		{B12702AD-ABFB-343A-A199-8E24837244A3}.Debug|x64.Build.0 = Debug|x64
		{B12702AD-ABFB-343A-A199-8E24837244A3}.Debug|x86.ActiveCfg = Debug|x64
		{B12702AD-ABFB-343A-A199-8E24837244A3}.Release|x64.ActiveCfg = Release|x64
		{B12702AD-ABFB-343A-A199-8E24837244A3}.Release|x64.Build.0 = Release|x64
		{B12702AD-ABFB-343A-A199-8E24837244A3}.Release|x86.ActiveCfg = Release|x64
		{096884F7-5298-4232-93F4-74E7A52D36C1}.Debug|x64.ActiveCfg = Debug|x64
		{096884F7-5298-4232-93F4-74E7A52D36C1}.Debug|x64.Build.0 = Debug|x64
		{096884F7-5298-4232-93F4-74E7A52D36C1}.Debug|x86.ActiveCfg = Debug|Win32
		{096884F7-5298-4232-93F4-74E7A52D36C1}.Debug|x86.Build.0 = Debug|Win32
		{096884F7-5298-4232-93F4-74E7A52D36C1}.Release|x64.ActiveCfg = Release|x64
		{096884F7-5298-4232-93F4-74E7A52D36C1}.Release|x64.Build.0 = Release|x64
		{096884F7-5298-4232-93F4-74E7A52D36C1}.Release|x86.ActiveCfg = Release|Win32
		{096884F7-5298-4232-93F4-74E7A52D36C1}.Release|x86.Build.0 = Release|Win32
		{35A0DEC7-2D79-4D0D-8ACE-A04454727D64}.Debug|x64.ActiveCfg = Debug|x64
		{35A0DEC7-2D79-4D0D-8ACE-A04454727D64}.Debug|x64.Build.0 = Debug|x64
		{35A0DEC7-2D79-4D0D-8ACE-A04454727D64}.Debug|x86.ActiveCfg = Debug|Win32
		{35A0DEC7-2D79-4D0D-8ACE-A04454727D64}.Debug|x86.Build.0 = Debug|Win32
		{35A0DEC7-2D79-4D0D-8ACE-A04454727D64}.Release|x64.ActiveCfg = Release|x64
		{35A0DEC7-2D79-4D0D-8ACE-A04454727D64}.Release|x64.Build.0 = Release|x64
		{35A0DEC7-2D79-4D0D-8ACE-A04454727D64}.Release|x86.ActiveCfg = Release|Win32
		{35A0DEC7-2D79-4D0D-8ACE-A04454727D64}.Release|x86.Build.0 = Release|Win32
	EndGlobalSection
	GlobalSection(SolutionProperties) = preSolution
		HideSolutionNode = FALSE
	EndGlobalSection
	GlobalSection(ExtensibilityGlobals) = postSolution
		Qt5Version = QT_VS2015
	EndGlobalSection
EndGlobal
