<?xml version="1.0" encoding="utf-8"?>
<Project ToolsVersion="4.0" xmlns="http://schemas.microsoft.com/developer/msbuild/2003">
  <ItemGroup>
    <Filter Include="源文件">
      <UniqueIdentifier>{4FC737F1-C7A5-4376-A066-2A32D752A2FF}</UniqueIdentifier>
      <Extensions>cpp;c;cc;cxx;def;odl;idl;hpj;bat;asm;asmx</Extensions>
    </Filter>
    <Filter Include="头文件">
      <UniqueIdentifier>{93995380-89BD-4b04-88EB-625FBE52EBFB}</UniqueIdentifier>
      <Extensions>h;hh;hpp;hxx;hm;inl;inc;xsd</Extensions>
    </Filter>
    <Filter Include="资源文件">
      <UniqueIdentifier>{67DA6AB6-F800-4c08-8B7A-83BB121AAD01}</UniqueIdentifier>
      <Extensions>rc;ico;cur;bmp;dlg;rc2;rct;bin;rgs;gif;jpg;jpeg;jpe;resx;tiff;tif;png;wav;mfcribbon-ms</Extensions>
    </Filter>
  </ItemGroup>
  <ItemGroup>
    <ClInclude Include="include\zvision.h">
      <Filter>头文件</Filter>
    </ClInclude>
    <ClInclude Include="include\zv_version.h">
      <Filter>头文件</Filter>
    </ClInclude>
    <ClInclude Include="include\zv.h">
      <Filter>头文件</Filter>
    </ClInclude>
    <ClInclude Include="include\zv_exptypes.h">
      <Filter>头文件</Filter>
    </ClInclude>
    <ClInclude Include="include\zv_define.h">
      <Filter>头文件</Filter>
    </ClInclude>
    <ClInclude Include="include\zv_types.h">
      <Filter>头文件</Filter>
    </ClInclude>
    <ClInclude Include="zv_private.h">
      <Filter>头文件</Filter>
    </ClInclude>
    <ClInclude Include="system\zv_adapter.h">
      <Filter>头文件</Filter>
    </ClInclude>
    <ClInclude Include="system\zv_error.h">
      <Filter>头文件</Filter>
    </ClInclude>
    <ClInclude Include="include\zv_module.h">
      <Filter>头文件</Filter>
    </ClInclude>
    <ClInclude Include="basis\zv_basis.h">
      <Filter>头文件</Filter>
    </ClInclude>
    <ClInclude Include="camera\zv_camera.h">
      <Filter>头文件</Filter>
    </ClInclude>
    <ClInclude Include="core\zv_core.h">
      <Filter>头文件</Filter>
    </ClInclude>
    <ClInclude Include="match\zv_match.h">
      <Filter>头文件</Filter>
    </ClInclude>
    <ClInclude Include="measure\zv_meas.h">
      <Filter>头文件</Filter>
    </ClInclude>
    <ClInclude Include="system\zv_system.h">
      <Filter>头文件</Filter>
    </ClInclude>
    <ClInclude Include="feature\zv_feature.h">
      <Filter>头文件</Filter>
    </ClInclude>
    <ClInclude Include="file\zv_file.h">
      <Filter>头文件</Filter>
    </ClInclude>
    <ClInclude Include="tools\zv_tools.h">
      <Filter>头文件</Filter>
    </ClInclude>
    <ClInclude Include="graphics\zv_graphics.h">
      <Filter>头文件</Filter>
    </ClInclude>
    <ClInclude Include="system\zv_task.h">
      <Filter>头文件</Filter>
    </ClInclude>
    <ClInclude Include="system\zv_task_param.h">
      <Filter>头文件</Filter>
    </ClInclude>
    <ClInclude Include="camera\zv_cam_basler.h">
      <Filter>头文件</Filter>
    </ClInclude>
    <ClInclude Include="camera\zv_cam_gige_vision.h">
      <Filter>头文件</Filter>
    </ClInclude>
    <ClInclude Include="camera\zv_cam_opencv.h">
      <Filter>头文件</Filter>
    </ClInclude>
    <ClInclude Include="camera\zv_cam_tis.h">
      <Filter>头文件</Filter>
    </ClInclude>
  </ItemGroup>
  <ItemGroup>
    <ClCompile Include="basis\zv_arithmetic.cpp">
      <Filter>源文件</Filter>
    </ClCompile>
    <ClCompile Include="basis\zv_color.cpp">
      <Filter>源文件</Filter>
    </ClCompile>
    <ClCompile Include="feature\zv_contours.cpp">
      <Filter>源文件</Filter>
    </ClCompile>
    <ClCompile Include="file\zv_file.cpp">
      <Filter>源文件</Filter>
    </ClCompile>
    <ClCompile Include="basis\zv_filter.cpp">
      <Filter>源文件</Filter>
    </ClCompile>
    <ClCompile Include="tools\zv_geometry.cpp">
      <Filter>源文件</Filter>
    </ClCompile>
    <ClCompile Include="match\zv_match.cpp">
      <Filter>源文件</Filter>
    </ClCompile>
    <ClCompile Include="measure\zv_meas.cpp">
      <Filter>源文件</Filter>
    </ClCompile>
    <ClCompile Include="basis\zv_morph.cpp">
      <Filter>源文件</Filter>
    </ClCompile>
    <ClCompile Include="system\zv_param.cpp">
      <Filter>源文件</Filter>
    </ClCompile>
    <ClCompile Include="basis\zv_segment.cpp">
      <Filter>源文件</Filter>
    </ClCompile>
    <ClCompile Include="core\zv_contour.cpp">
      <Filter>源文件</Filter>
    </ClCompile>
    <ClCompile Include="core\zv_matrix.cpp">
      <Filter>源文件</Filter>
    </ClCompile>
    <ClCompile Include="core\zv_image.cpp">
      <Filter>源文件</Filter>
    </ClCompile>
    <ClCompile Include="system\zv_adapter.cpp">
      <Filter>源文件</Filter>
    </ClCompile>
    <ClCompile Include="system\zv_error.cpp">
      <Filter>源文件</Filter>
    </ClCompile>
    <ClCompile Include="zv_module.cpp">
      <Filter>源文件</Filter>
    </ClCompile>
    <ClCompile Include="system\zv_system.cpp">
      <Filter>源文件</Filter>
    </ClCompile>
    <ClCompile Include="graphics\zv_graphics.cpp">
      <Filter>源文件</Filter>
    </ClCompile>
    <ClCompile Include="system\zv_task.cpp">
      <Filter>源文件</Filter>
    </ClCompile>
    <ClCompile Include="basis\zv_geometric_img.cpp">
      <Filter>源文件</Filter>
    </ClCompile>
    <ClCompile Include="zv_test.cpp">
      <Filter>源文件</Filter>
    </ClCompile>
    <ClCompile Include="tools\zv_trans.cpp">
      <Filter>源文件</Filter>
    </ClCompile>
    <ClCompile Include="camera\zv_cam_basler.cpp">
      <Filter>源文件</Filter>
    </ClCompile>
    <ClCompile Include="camera\zv_cam_opencv.cpp">
      <Filter>源文件</Filter>
    </ClCompile>
    <ClCompile Include="camera\zv_cam_tis.cpp">
      <Filter>源文件</Filter>
    </ClCompile>
    <ClCompile Include="camera\zv_camera.cpp">
      <Filter>源文件</Filter>
    </ClCompile>
  </ItemGroup>
  <ItemGroup>
    <None Include="install.bat">
      <Filter>源文件</Filter>
    </None>
    <None Include="zv_module_gen.py" />
    <None Include="zv_module_templ.py" />
  </ItemGroup>
</Project>